// !$*UTF8*$!
{
	archiveVersion = 1;
	classes = {
	};
	objectVersion = 46;
	objects = {

/* Begin PBXBuildFile section */
		C40D67F51F73764800FD7554 /* InspectorController.swift in Sources */ = {isa = PBXBuildFile; fileRef = C40D67F41F73764800FD7554 /* InspectorController.swift */; };
		C40D67F81F738CDA00FD7554 /* DrawAreaDelegate.swift in Sources */ = {isa = PBXBuildFile; fileRef = C40D67F71F738CDA00FD7554 /* DrawAreaDelegate.swift */; };
		C40D67FA1F738CFD00FD7554 /* InspectorDelegate.swift in Sources */ = {isa = PBXBuildFile; fileRef = C40D67F91F738CFD00FD7554 /* InspectorDelegate.swift */; };
		C40D67FC1F738D3200FD7554 /* OverviewDelegate.swift in Sources */ = {isa = PBXBuildFile; fileRef = C40D67FB1F738D3200FD7554 /* OverviewDelegate.swift */; };
		C40D67FE1F738FFB00FD7554 /* LayerDelegate.swift in Sources */ = {isa = PBXBuildFile; fileRef = C40D67FD1F738FFB00FD7554 /* LayerDelegate.swift */; };
		C40D68041F79568B00FD7554 /* SelectionBoxView.swift in Sources */ = {isa = PBXBuildFile; fileRef = C40D68031F79568B00FD7554 /* SelectionBoxView.swift */; };
		C40D68061F7A13BA00FD7554 /* PenTool.swift in Sources */ = {isa = PBXBuildFile; fileRef = C40D68051F7A13BA00FD7554 /* PenTool.swift */; };
		C40D680A1F7AB1DC00FD7554 /* BezierPointView.swift in Sources */ = {isa = PBXBuildFile; fileRef = C40D68091F7AB1DC00FD7554 /* BezierPointView.swift */; };
		C41D15721F69920600586FCA /* ArtboardHandler.swift in Sources */ = {isa = PBXBuildFile; fileRef = C41D15711F69920600586FCA /* ArtboardHandler.swift */; };
		C41D15741F6A99D300586FCA /* RectangleTool.swift in Sources */ = {isa = PBXBuildFile; fileRef = C41D15731F6A99D300586FCA /* RectangleTool.swift */; };
		C41D15761F6E5BA200586FCA /* CreateRectangle.swift in Sources */ = {isa = PBXBuildFile; fileRef = C41D15751F6E5BA200586FCA /* CreateRectangle.swift */; };
		C48F870C1F56E43600412D7B /* AppDelegate.swift in Sources */ = {isa = PBXBuildFile; fileRef = C48F870B1F56E43600412D7B /* AppDelegate.swift */; };
		C48F87101F56E43600412D7B /* Document.swift in Sources */ = {isa = PBXBuildFile; fileRef = C48F870F1F56E43600412D7B /* Document.swift */; };
		C48F87131F56E43600412D7B /* Document.xcdatamodeld in Sources */ = {isa = PBXBuildFile; fileRef = C48F87111F56E43600412D7B /* Document.xcdatamodeld */; };
		C48F87151F56E43600412D7B /* Assets.xcassets in Resources */ = {isa = PBXBuildFile; fileRef = C48F87141F56E43600412D7B /* Assets.xcassets */; };
		C48F87181F56E43600412D7B /* Main.storyboard in Resources */ = {isa = PBXBuildFile; fileRef = C48F87161F56E43600412D7B /* Main.storyboard */; };
		C48F87231F56E43600412D7B /* sketch_proTests.swift in Sources */ = {isa = PBXBuildFile; fileRef = C48F87221F56E43600412D7B /* sketch_proTests.swift */; };
		C48F872E1F56E43600412D7B /* sketch_proUITests.swift in Sources */ = {isa = PBXBuildFile; fileRef = C48F872D1F56E43600412D7B /* sketch_proUITests.swift */; };
		C48F873C1F56E80B00412D7B /* OverviewController.swift in Sources */ = {isa = PBXBuildFile; fileRef = C48F873B1F56E80B00412D7B /* OverviewController.swift */; };
		C48F873E1F57D9CE00412D7B /* DrawAreaController.swift in Sources */ = {isa = PBXBuildFile; fileRef = C48F873D1F57D9CE00412D7B /* DrawAreaController.swift */; };
		C48F87401F57DFC800412D7B /* DrawAreaView.swift in Sources */ = {isa = PBXBuildFile; fileRef = C48F873F1F57DFC800412D7B /* DrawAreaView.swift */; };
		C48F87421F57E39700412D7B /* WindowController.swift in Sources */ = {isa = PBXBuildFile; fileRef = C48F87411F57E39700412D7B /* WindowController.swift */; };
		C48F87441F57E8CF00412D7B /* Workspace.swift in Sources */ = {isa = PBXBuildFile; fileRef = C48F87431F57E8CF00412D7B /* Workspace.swift */; };
		C48F87461F57ED4300412D7B /* CanvasHandler.swift in Sources */ = {isa = PBXBuildFile; fileRef = C48F87451F57ED4300412D7B /* CanvasHandler.swift */; };
		C48F87481F57EE6100412D7B /* ArtboardTool.swift in Sources */ = {isa = PBXBuildFile; fileRef = C48F87471F57EE6100412D7B /* ArtboardTool.swift */; };
		C48F874A1F57EEE400412D7B /* SelectionTool.swift in Sources */ = {isa = PBXBuildFile; fileRef = C48F87491F57EEE400412D7B /* SelectionTool.swift */; };
		C48F87851F5E7BFC00412D7B /* GraphicView.swift in Sources */ = {isa = PBXBuildFile; fileRef = C48F87841F5E7BFC00412D7B /* GraphicView.swift */; };
		C48F87871F5EAA1400412D7B /* ArtboardView.swift in Sources */ = {isa = PBXBuildFile; fileRef = C48F87861F5EAA1400412D7B /* ArtboardView.swift */; };
		C48F87891F63046800412D7B /* Command.swift in Sources */ = {isa = PBXBuildFile; fileRef = C48F87881F63046800412D7B /* Command.swift */; };
		C48F878B1F63F9DA00412D7B /* CreateArtboard.swift in Sources */ = {isa = PBXBuildFile; fileRef = C48F878A1F63F9DA00412D7B /* CreateArtboard.swift */; };
/* End PBXBuildFile section */

/* Begin PBXContainerItemProxy section */
		C48F871F1F56E43600412D7B /* PBXContainerItemProxy */ = {
			isa = PBXContainerItemProxy;
			containerPortal = C48F87001F56E43600412D7B /* Project object */;
			proxyType = 1;
			remoteGlobalIDString = C48F87071F56E43600412D7B;
			remoteInfo = "sketch-pro";
		};
		C48F872A1F56E43600412D7B /* PBXContainerItemProxy */ = {
			isa = PBXContainerItemProxy;
			containerPortal = C48F87001F56E43600412D7B /* Project object */;
			proxyType = 1;
			remoteGlobalIDString = C48F87071F56E43600412D7B;
			remoteInfo = "sketch-pro";
		};
/* End PBXContainerItemProxy section */

/* Begin PBXFileReference section */
		C40D67F41F73764800FD7554 /* InspectorController.swift */ = {isa = PBXFileReference; fileEncoding = 4; lastKnownFileType = sourcecode.swift; path = InspectorController.swift; sourceTree = "<group>"; };
		C40D67F71F738CDA00FD7554 /* DrawAreaDelegate.swift */ = {isa = PBXFileReference; fileEncoding = 4; lastKnownFileType = sourcecode.swift; path = DrawAreaDelegate.swift; sourceTree = "<group>"; };
		C40D67F91F738CFD00FD7554 /* InspectorDelegate.swift */ = {isa = PBXFileReference; fileEncoding = 4; lastKnownFileType = sourcecode.swift; path = InspectorDelegate.swift; sourceTree = "<group>"; };
		C40D67FB1F738D3200FD7554 /* OverviewDelegate.swift */ = {isa = PBXFileReference; fileEncoding = 4; lastKnownFileType = sourcecode.swift; path = OverviewDelegate.swift; sourceTree = "<group>"; };
		C40D67FD1F738FFB00FD7554 /* LayerDelegate.swift */ = {isa = PBXFileReference; fileEncoding = 4; lastKnownFileType = sourcecode.swift; path = LayerDelegate.swift; sourceTree = "<group>"; };
		C40D68031F79568B00FD7554 /* SelectionBoxView.swift */ = {isa = PBXFileReference; fileEncoding = 4; lastKnownFileType = sourcecode.swift; path = SelectionBoxView.swift; sourceTree = "<group>"; };
		C40D68051F7A13BA00FD7554 /* PenTool.swift */ = {isa = PBXFileReference; fileEncoding = 4; lastKnownFileType = sourcecode.swift; path = PenTool.swift; sourceTree = "<group>"; };
		C40D68091F7AB1DC00FD7554 /* BezierPointView.swift */ = {isa = PBXFileReference; fileEncoding = 4; lastKnownFileType = sourcecode.swift; path = BezierPointView.swift; sourceTree = "<group>"; };
		C41D15711F69920600586FCA /* ArtboardHandler.swift */ = {isa = PBXFileReference; fileEncoding = 4; lastKnownFileType = sourcecode.swift; path = ArtboardHandler.swift; sourceTree = "<group>"; };
		C41D15731F6A99D300586FCA /* RectangleTool.swift */ = {isa = PBXFileReference; fileEncoding = 4; lastKnownFileType = sourcecode.swift; path = RectangleTool.swift; sourceTree = "<group>"; };
		C41D15751F6E5BA200586FCA /* CreateRectangle.swift */ = {isa = PBXFileReference; fileEncoding = 4; lastKnownFileType = sourcecode.swift; path = CreateRectangle.swift; sourceTree = "<group>"; };
		C48F87081F56E43600412D7B /* sketch-pro.app */ = {isa = PBXFileReference; explicitFileType = wrapper.application; includeInIndex = 0; path = "sketch-pro.app"; sourceTree = BUILT_PRODUCTS_DIR; };
		C48F870B1F56E43600412D7B /* AppDelegate.swift */ = {isa = PBXFileReference; lastKnownFileType = sourcecode.swift; path = AppDelegate.swift; sourceTree = "<group>"; };
		C48F870F1F56E43600412D7B /* Document.swift */ = {isa = PBXFileReference; lastKnownFileType = sourcecode.swift; path = Document.swift; sourceTree = "<group>"; };
		C48F87121F56E43600412D7B /* Document.xcdatamodel */ = {isa = PBXFileReference; lastKnownFileType = wrapper.xcdatamodel; path = Document.xcdatamodel; sourceTree = "<group>"; };
		C48F87141F56E43600412D7B /* Assets.xcassets */ = {isa = PBXFileReference; lastKnownFileType = folder.assetcatalog; path = Assets.xcassets; sourceTree = "<group>"; };
		C48F87171F56E43600412D7B /* Base */ = {isa = PBXFileReference; lastKnownFileType = file.storyboard; name = Base; path = Base.lproj/Main.storyboard; sourceTree = "<group>"; };
		C48F87191F56E43600412D7B /* Info.plist */ = {isa = PBXFileReference; lastKnownFileType = text.plist.xml; path = Info.plist; sourceTree = "<group>"; };
		C48F871E1F56E43600412D7B /* sketch-proTests.xctest */ = {isa = PBXFileReference; explicitFileType = wrapper.cfbundle; includeInIndex = 0; path = "sketch-proTests.xctest"; sourceTree = BUILT_PRODUCTS_DIR; };
		C48F87221F56E43600412D7B /* sketch_proTests.swift */ = {isa = PBXFileReference; lastKnownFileType = sourcecode.swift; path = sketch_proTests.swift; sourceTree = "<group>"; };
		C48F87241F56E43600412D7B /* Info.plist */ = {isa = PBXFileReference; lastKnownFileType = text.plist.xml; path = Info.plist; sourceTree = "<group>"; };
		C48F87291F56E43600412D7B /* sketch-proUITests.xctest */ = {isa = PBXFileReference; explicitFileType = wrapper.cfbundle; includeInIndex = 0; path = "sketch-proUITests.xctest"; sourceTree = BUILT_PRODUCTS_DIR; };
		C48F872D1F56E43600412D7B /* sketch_proUITests.swift */ = {isa = PBXFileReference; lastKnownFileType = sourcecode.swift; path = sketch_proUITests.swift; sourceTree = "<group>"; };
		C48F872F1F56E43600412D7B /* Info.plist */ = {isa = PBXFileReference; lastKnownFileType = text.plist.xml; path = Info.plist; sourceTree = "<group>"; };
		C48F873B1F56E80B00412D7B /* OverviewController.swift */ = {isa = PBXFileReference; fileEncoding = 4; lastKnownFileType = sourcecode.swift; path = OverviewController.swift; sourceTree = "<group>"; };
		C48F873D1F57D9CE00412D7B /* DrawAreaController.swift */ = {isa = PBXFileReference; fileEncoding = 4; lastKnownFileType = sourcecode.swift; path = DrawAreaController.swift; sourceTree = "<group>"; };
		C48F873F1F57DFC800412D7B /* DrawAreaView.swift */ = {isa = PBXFileReference; fileEncoding = 4; lastKnownFileType = sourcecode.swift; path = DrawAreaView.swift; sourceTree = "<group>"; };
		C48F87411F57E39700412D7B /* WindowController.swift */ = {isa = PBXFileReference; fileEncoding = 4; lastKnownFileType = sourcecode.swift; path = WindowController.swift; sourceTree = "<group>"; };
		C48F87431F57E8CF00412D7B /* Workspace.swift */ = {isa = PBXFileReference; fileEncoding = 4; lastKnownFileType = sourcecode.swift; path = Workspace.swift; sourceTree = "<group>"; };
		C48F87451F57ED4300412D7B /* CanvasHandler.swift */ = {isa = PBXFileReference; fileEncoding = 4; lastKnownFileType = sourcecode.swift; path = CanvasHandler.swift; sourceTree = "<group>"; };
		C48F87471F57EE6100412D7B /* ArtboardTool.swift */ = {isa = PBXFileReference; fileEncoding = 4; lastKnownFileType = sourcecode.swift; path = ArtboardTool.swift; sourceTree = "<group>"; };
		C48F87491F57EEE400412D7B /* SelectionTool.swift */ = {isa = PBXFileReference; fileEncoding = 4; lastKnownFileType = sourcecode.swift; path = SelectionTool.swift; sourceTree = "<group>"; };
		C48F87841F5E7BFC00412D7B /* GraphicView.swift */ = {isa = PBXFileReference; fileEncoding = 4; lastKnownFileType = sourcecode.swift; path = GraphicView.swift; sourceTree = "<group>"; };
		C48F87861F5EAA1400412D7B /* ArtboardView.swift */ = {isa = PBXFileReference; fileEncoding = 4; lastKnownFileType = sourcecode.swift; path = ArtboardView.swift; sourceTree = "<group>"; };
		C48F87881F63046800412D7B /* Command.swift */ = {isa = PBXFileReference; fileEncoding = 4; lastKnownFileType = sourcecode.swift; path = Command.swift; sourceTree = "<group>"; };
		C48F878A1F63F9DA00412D7B /* CreateArtboard.swift */ = {isa = PBXFileReference; fileEncoding = 4; lastKnownFileType = sourcecode.swift; path = CreateArtboard.swift; sourceTree = "<group>"; };
/* End PBXFileReference section */

/* Begin PBXFrameworksBuildPhase section */
		C48F87051F56E43600412D7B /* Frameworks */ = {
			isa = PBXFrameworksBuildPhase;
			buildActionMask = 2147483647;
			files = (
			);
			runOnlyForDeploymentPostprocessing = 0;
		};
		C48F871B1F56E43600412D7B /* Frameworks */ = {
			isa = PBXFrameworksBuildPhase;
			buildActionMask = 2147483647;
			files = (
			);
			runOnlyForDeploymentPostprocessing = 0;
		};
		C48F87261F56E43600412D7B /* Frameworks */ = {
			isa = PBXFrameworksBuildPhase;
			buildActionMask = 2147483647;
			files = (
			);
			runOnlyForDeploymentPostprocessing = 0;
		};
/* End PBXFrameworksBuildPhase section */

/* Begin PBXGroup section */
		C40D67F61F738C3F00FD7554 /* Delegates */ = {
			isa = PBXGroup;
			children = (
				C40D67F71F738CDA00FD7554 /* DrawAreaDelegate.swift */,
				C40D67F91F738CFD00FD7554 /* InspectorDelegate.swift */,
				C40D67FB1F738D3200FD7554 /* OverviewDelegate.swift */,
				C40D67FD1F738FFB00FD7554 /* LayerDelegate.swift */,
			);
			name = Delegates;
			sourceTree = "<group>";
		};
		C41D15771F6E696A00586FCA /* Commands */ = {
			isa = PBXGroup;
			children = (
				C48F87881F63046800412D7B /* Command.swift */,
				C48F878A1F63F9DA00412D7B /* CreateArtboard.swift */,
				C41D15751F6E5BA200586FCA /* CreateRectangle.swift */,
			);
			name = Commands;
			sourceTree = "<group>";
		};
		C41D15781F6E699000586FCA /* Custom Views */ = {
			isa = PBXGroup;
			children = (
				C48F87861F5EAA1400412D7B /* ArtboardView.swift */,
				C48F87841F5E7BFC00412D7B /* GraphicView.swift */,
				C48F873F1F57DFC800412D7B /* DrawAreaView.swift */,
				C40D68031F79568B00FD7554 /* SelectionBoxView.swift */,
				C40D68091F7AB1DC00FD7554 /* BezierPointView.swift */,
			);
			name = "Custom Views";
			sourceTree = "<group>";
		};
		C41D15791F6E6ADF00586FCA /* Controllers */ = {
			isa = PBXGroup;
			children = (
				C48F87411F57E39700412D7B /* WindowController.swift */,
				C48F873B1F56E80B00412D7B /* OverviewController.swift */,
				C48F873D1F57D9CE00412D7B /* DrawAreaController.swift */,
				C40D67F41F73764800FD7554 /* InspectorController.swift */,
			);
			name = Controllers;
			sourceTree = "<group>";
		};
		C48F86FF1F56E43600412D7B = {
			isa = PBXGroup;
			children = (
				C48F870A1F56E43600412D7B /* sketch-pro */,
				C48F87211F56E43600412D7B /* sketch-proTests */,
				C48F872C1F56E43600412D7B /* sketch-proUITests */,
				C48F87091F56E43600412D7B /* Products */,
			);
			sourceTree = "<group>";
		};
		C48F87091F56E43600412D7B /* Products */ = {
			isa = PBXGroup;
			children = (
				C48F87081F56E43600412D7B /* sketch-pro.app */,
				C48F871E1F56E43600412D7B /* sketch-proTests.xctest */,
				C48F87291F56E43600412D7B /* sketch-proUITests.xctest */,
			);
			name = Products;
			sourceTree = "<group>";
		};
		C48F870A1F56E43600412D7B /* sketch-pro */ = {
			isa = PBXGroup;
			children = (
				C48F870B1F56E43600412D7B /* AppDelegate.swift */,
				C48F870F1F56E43600412D7B /* Document.swift */,
				C48F87431F57E8CF00412D7B /* Workspace.swift */,
				C48F87141F56E43600412D7B /* Assets.xcassets */,
				C48F87161F56E43600412D7B /* Main.storyboard */,
				C48F87111F56E43600412D7B /* Document.xcdatamodeld */,
				C41D15771F6E696A00586FCA /* Commands */,
				C41D15781F6E699000586FCA /* Custom Views */,
				C41D15791F6E6ADF00586FCA /* Controllers */,
				C40D67F61F738C3F00FD7554 /* Delegates */,
				C48F87451F57ED4300412D7B /* CanvasHandler.swift */,
				C40D68051F7A13BA00FD7554 /* PenTool.swift */,
				C41D15731F6A99D300586FCA /* RectangleTool.swift */,
				C41D15711F69920600586FCA /* ArtboardHandler.swift */,
				C48F87471F57EE6100412D7B /* ArtboardTool.swift */,
				C48F87491F57EEE400412D7B /* SelectionTool.swift */,
				C48F87191F56E43600412D7B /* Info.plist */,
			);
			path = "sketch-pro";
			sourceTree = "<group>";
		};
		C48F87211F56E43600412D7B /* sketch-proTests */ = {
			isa = PBXGroup;
			children = (
				C48F87221F56E43600412D7B /* sketch_proTests.swift */,
				C48F87241F56E43600412D7B /* Info.plist */,
			);
			path = "sketch-proTests";
			sourceTree = "<group>";
		};
		C48F872C1F56E43600412D7B /* sketch-proUITests */ = {
			isa = PBXGroup;
			children = (
				C48F872D1F56E43600412D7B /* sketch_proUITests.swift */,
				C48F872F1F56E43600412D7B /* Info.plist */,
			);
			path = "sketch-proUITests";
			sourceTree = "<group>";
		};
/* End PBXGroup section */

/* Begin PBXNativeTarget section */
		C48F87071F56E43600412D7B /* sketch-pro */ = {
			isa = PBXNativeTarget;
			buildConfigurationList = C48F87321F56E43700412D7B /* Build configuration list for PBXNativeTarget "sketch-pro" */;
			buildPhases = (
				C48F87041F56E43600412D7B /* Sources */,
				C48F87051F56E43600412D7B /* Frameworks */,
				C48F87061F56E43600412D7B /* Resources */,
			);
			buildRules = (
			);
			dependencies = (
			);
			name = "sketch-pro";
			productName = "sketch-pro";
			productReference = C48F87081F56E43600412D7B /* sketch-pro.app */;
			productType = "com.apple.product-type.application";
		};
		C48F871D1F56E43600412D7B /* sketch-proTests */ = {
			isa = PBXNativeTarget;
			buildConfigurationList = C48F87351F56E43700412D7B /* Build configuration list for PBXNativeTarget "sketch-proTests" */;
			buildPhases = (
				C48F871A1F56E43600412D7B /* Sources */,
				C48F871B1F56E43600412D7B /* Frameworks */,
				C48F871C1F56E43600412D7B /* Resources */,
			);
			buildRules = (
			);
			dependencies = (
				C48F87201F56E43600412D7B /* PBXTargetDependency */,
			);
			name = "sketch-proTests";
			productName = "sketch-proTests";
			productReference = C48F871E1F56E43600412D7B /* sketch-proTests.xctest */;
			productType = "com.apple.product-type.bundle.unit-test";
		};
		C48F87281F56E43600412D7B /* sketch-proUITests */ = {
			isa = PBXNativeTarget;
			buildConfigurationList = C48F87381F56E43700412D7B /* Build configuration list for PBXNativeTarget "sketch-proUITests" */;
			buildPhases = (
				C48F87251F56E43600412D7B /* Sources */,
				C48F87261F56E43600412D7B /* Frameworks */,
				C48F87271F56E43600412D7B /* Resources */,
			);
			buildRules = (
			);
			dependencies = (
				C48F872B1F56E43600412D7B /* PBXTargetDependency */,
			);
			name = "sketch-proUITests";
			productName = "sketch-proUITests";
			productReference = C48F87291F56E43600412D7B /* sketch-proUITests.xctest */;
			productType = "com.apple.product-type.bundle.ui-testing";
		};
/* End PBXNativeTarget section */

/* Begin PBXProject section */
		C48F87001F56E43600412D7B /* Project object */ = {
			isa = PBXProject;
			attributes = {
				LastSwiftUpdateCheck = 0830;
				LastUpgradeCheck = 0830;
				ORGANIZATIONNAME = "Nikhil Verma";
				TargetAttributes = {
					C48F87071F56E43600412D7B = {
						CreatedOnToolsVersion = 8.3.3;
						ProvisioningStyle = Automatic;
						SystemCapabilities = {
							com.apple.Sandbox = {
								enabled = 0;
							};
						};
					};
					C48F871D1F56E43600412D7B = {
						CreatedOnToolsVersion = 8.3.3;
						ProvisioningStyle = Automatic;
						TestTargetID = C48F87071F56E43600412D7B;
					};
					C48F87281F56E43600412D7B = {
						CreatedOnToolsVersion = 8.3.3;
						ProvisioningStyle = Automatic;
						TestTargetID = C48F87071F56E43600412D7B;
					};
				};
			};
			buildConfigurationList = C48F87031F56E43600412D7B /* Build configuration list for PBXProject "sketch-pro" */;
			compatibilityVersion = "Xcode 3.2";
			developmentRegion = English;
			hasScannedForEncodings = 0;
			knownRegions = (
				en,
				Base,
			);
			mainGroup = C48F86FF1F56E43600412D7B;
			productRefGroup = C48F87091F56E43600412D7B /* Products */;
			projectDirPath = "";
			projectRoot = "";
			targets = (
				C48F87071F56E43600412D7B /* sketch-pro */,
				C48F871D1F56E43600412D7B /* sketch-proTests */,
				C48F87281F56E43600412D7B /* sketch-proUITests */,
			);
		};
/* End PBXProject section */

/* Begin PBXResourcesBuildPhase section */
		C48F87061F56E43600412D7B /* Resources */ = {
			isa = PBXResourcesBuildPhase;
			buildActionMask = 2147483647;
			files = (
				C48F87151F56E43600412D7B /* Assets.xcassets in Resources */,
				C48F87181F56E43600412D7B /* Main.storyboard in Resources */,
			);
			runOnlyForDeploymentPostprocessing = 0;
		};
		C48F871C1F56E43600412D7B /* Resources */ = {
			isa = PBXResourcesBuildPhase;
			buildActionMask = 2147483647;
			files = (
			);
			runOnlyForDeploymentPostprocessing = 0;
		};
		C48F87271F56E43600412D7B /* Resources */ = {
			isa = PBXResourcesBuildPhase;
			buildActionMask = 2147483647;
			files = (
			);
			runOnlyForDeploymentPostprocessing = 0;
		};
/* End PBXResourcesBuildPhase section */

/* Begin PBXSourcesBuildPhase section */
		C48F87041F56E43600412D7B /* Sources */ = {
			isa = PBXSourcesBuildPhase;
			buildActionMask = 2147483647;
			files = (
				C48F87461F57ED4300412D7B /* CanvasHandler.swift in Sources */,
				C40D680A1F7AB1DC00FD7554 /* BezierPointView.swift in Sources */,
				C41D15721F69920600586FCA /* ArtboardHandler.swift in Sources */,
				C48F87401F57DFC800412D7B /* DrawAreaView.swift in Sources */,
				C48F878B1F63F9DA00412D7B /* CreateArtboard.swift in Sources */,
				C40D68041F79568B00FD7554 /* SelectionBoxView.swift in Sources */,
				C40D68061F7A13BA00FD7554 /* PenTool.swift in Sources */,
				C48F87851F5E7BFC00412D7B /* GraphicView.swift in Sources */,
				C48F873E1F57D9CE00412D7B /* DrawAreaController.swift in Sources */,
				C48F87131F56E43600412D7B /* Document.xcdatamodeld in Sources */,
				C48F870C1F56E43600412D7B /* AppDelegate.swift in Sources */,
				C40D67F51F73764800FD7554 /* InspectorController.swift in Sources */,
				C40D67F81F738CDA00FD7554 /* DrawAreaDelegate.swift in Sources */,
				C48F874A1F57EEE400412D7B /* SelectionTool.swift in Sources */,
				C48F87891F63046800412D7B /* Command.swift in Sources */,
				C48F87421F57E39700412D7B /* WindowController.swift in Sources */,
				C48F87441F57E8CF00412D7B /* Workspace.swift in Sources */,
				C48F873C1F56E80B00412D7B /* OverviewController.swift in Sources */,
				C41D15761F6E5BA200586FCA /* CreateRectangle.swift in Sources */,
				C48F87871F5EAA1400412D7B /* ArtboardView.swift in Sources */,
				C40D67FA1F738CFD00FD7554 /* InspectorDelegate.swift in Sources */,
				C48F87101F56E43600412D7B /* Document.swift in Sources */,
				C48F87481F57EE6100412D7B /* ArtboardTool.swift in Sources */,
				C40D67FC1F738D3200FD7554 /* OverviewDelegate.swift in Sources */,
				C40D67FE1F738FFB00FD7554 /* LayerDelegate.swift in Sources */,
				C41D15741F6A99D300586FCA /* RectangleTool.swift in Sources */,
			);
			runOnlyForDeploymentPostprocessing = 0;
		};
		C48F871A1F56E43600412D7B /* Sources */ = {
			isa = PBXSourcesBuildPhase;
			buildActionMask = 2147483647;
			files = (
				C48F87231F56E43600412D7B /* sketch_proTests.swift in Sources */,
			);
			runOnlyForDeploymentPostprocessing = 0;
		};
		C48F87251F56E43600412D7B /* Sources */ = {
			isa = PBXSourcesBuildPhase;
			buildActionMask = 2147483647;
			files = (
				C48F872E1F56E43600412D7B /* sketch_proUITests.swift in Sources */,
			);
			runOnlyForDeploymentPostprocessing = 0;
		};
/* End PBXSourcesBuildPhase section */

/* Begin PBXTargetDependency section */
		C48F87201F56E43600412D7B /* PBXTargetDependency */ = {
			isa = PBXTargetDependency;
			target = C48F87071F56E43600412D7B /* sketch-pro */;
			targetProxy = C48F871F1F56E43600412D7B /* PBXContainerItemProxy */;
		};
		C48F872B1F56E43600412D7B /* PBXTargetDependency */ = {
			isa = PBXTargetDependency;
			target = C48F87071F56E43600412D7B /* sketch-pro */;
			targetProxy = C48F872A1F56E43600412D7B /* PBXContainerItemProxy */;
		};
/* End PBXTargetDependency section */

/* Begin PBXVariantGroup section */
		C48F87161F56E43600412D7B /* Main.storyboard */ = {
			isa = PBXVariantGroup;
			children = (
				C48F87171F56E43600412D7B /* Base */,
			);
			name = Main.storyboard;
			sourceTree = "<group>";
		};
/* End PBXVariantGroup section */

/* Begin XCBuildConfiguration section */
		C48F87301F56E43700412D7B /* Debug */ = {
			isa = XCBuildConfiguration;
			buildSettings = {
				ALWAYS_SEARCH_USER_PATHS = NO;
				CLANG_ANALYZER_NONNULL = YES;
				CLANG_ANALYZER_NUMBER_OBJECT_CONVERSION = YES_AGGRESSIVE;
				CLANG_CXX_LANGUAGE_STANDARD = "gnu++0x";
				CLANG_CXX_LIBRARY = "libc++";
				CLANG_ENABLE_MODULES = YES;
				CLANG_ENABLE_OBJC_ARC = YES;
				CLANG_WARN_BOOL_CONVERSION = YES;
				CLANG_WARN_CONSTANT_CONVERSION = YES;
				CLANG_WARN_DIRECT_OBJC_ISA_USAGE = YES_ERROR;
				CLANG_WARN_DOCUMENTATION_COMMENTS = YES;
				CLANG_WARN_EMPTY_BODY = YES;
				CLANG_WARN_ENUM_CONVERSION = YES;
				CLANG_WARN_INFINITE_RECURSION = YES;
				CLANG_WARN_INT_CONVERSION = YES;
				CLANG_WARN_OBJC_ROOT_CLASS = YES_ERROR;
				CLANG_WARN_SUSPICIOUS_MOVE = YES;
				CLANG_WARN_UNREACHABLE_CODE = YES;
				CLANG_WARN__DUPLICATE_METHOD_MATCH = YES;
				CODE_SIGN_IDENTITY = "-";
				COPY_PHASE_STRIP = NO;
				DEBUG_INFORMATION_FORMAT = dwarf;
				ENABLE_STRICT_OBJC_MSGSEND = YES;
				ENABLE_TESTABILITY = YES;
				GCC_C_LANGUAGE_STANDARD = gnu99;
				GCC_DYNAMIC_NO_PIC = NO;
				GCC_NO_COMMON_BLOCKS = YES;
				GCC_OPTIMIZATION_LEVEL = 0;
				GCC_PREPROCESSOR_DEFINITIONS = (
					"DEBUG=1",
					"$(inherited)",
				);
				GCC_WARN_64_TO_32_BIT_CONVERSION = YES;
				GCC_WARN_ABOUT_RETURN_TYPE = YES_ERROR;
				GCC_WARN_UNDECLARED_SELECTOR = YES;
				GCC_WARN_UNINITIALIZED_AUTOS = YES_AGGRESSIVE;
				GCC_WARN_UNUSED_FUNCTION = YES;
				GCC_WARN_UNUSED_VARIABLE = YES;
				MACOSX_DEPLOYMENT_TARGET = 10.12;
				MTL_ENABLE_DEBUG_INFO = YES;
				ONLY_ACTIVE_ARCH = YES;
				SDKROOT = macosx;
				SWIFT_ACTIVE_COMPILATION_CONDITIONS = DEBUG;
				SWIFT_OPTIMIZATION_LEVEL = "-Onone";
			};
			name = Debug;
		};
		C48F87311F56E43700412D7B /* Release */ = {
			isa = XCBuildConfiguration;
			buildSettings = {
				ALWAYS_SEARCH_USER_PATHS = NO;
				CLANG_ANALYZER_NONNULL = YES;
				CLANG_ANALYZER_NUMBER_OBJECT_CONVERSION = YES_AGGRESSIVE;
				CLANG_CXX_LANGUAGE_STANDARD = "gnu++0x";
				CLANG_CXX_LIBRARY = "libc++";
				CLANG_ENABLE_MODULES = YES;
				CLANG_ENABLE_OBJC_ARC = YES;
				CLANG_WARN_BOOL_CONVERSION = YES;
				CLANG_WARN_CONSTANT_CONVERSION = YES;
				CLANG_WARN_DIRECT_OBJC_ISA_USAGE = YES_ERROR;
				CLANG_WARN_DOCUMENTATION_COMMENTS = YES;
				CLANG_WARN_EMPTY_BODY = YES;
				CLANG_WARN_ENUM_CONVERSION = YES;
				CLANG_WARN_INFINITE_RECURSION = YES;
				CLANG_WARN_INT_CONVERSION = YES;
				CLANG_WARN_OBJC_ROOT_CLASS = YES_ERROR;
				CLANG_WARN_SUSPICIOUS_MOVE = YES;
				CLANG_WARN_UNREACHABLE_CODE = YES;
				CLANG_WARN__DUPLICATE_METHOD_MATCH = YES;
				CODE_SIGN_IDENTITY = "-";
				COPY_PHASE_STRIP = NO;
				DEBUG_INFORMATION_FORMAT = "dwarf-with-dsym";
				ENABLE_NS_ASSERTIONS = NO;
				ENABLE_STRICT_OBJC_MSGSEND = YES;
				GCC_C_LANGUAGE_STANDARD = gnu99;
				GCC_NO_COMMON_BLOCKS = YES;
				GCC_WARN_64_TO_32_BIT_CONVERSION = YES;
				GCC_WARN_ABOUT_RETURN_TYPE = YES_ERROR;
				GCC_WARN_UNDECLARED_SELECTOR = YES;
				GCC_WARN_UNINITIALIZED_AUTOS = YES_AGGRESSIVE;
				GCC_WARN_UNUSED_FUNCTION = YES;
				GCC_WARN_UNUSED_VARIABLE = YES;
				MACOSX_DEPLOYMENT_TARGET = 10.12;
				MTL_ENABLE_DEBUG_INFO = NO;
				SDKROOT = macosx;
				SWIFT_OPTIMIZATION_LEVEL = "-Owholemodule";
			};
			name = Release;
		};
		C48F87331F56E43700412D7B /* Debug */ = {
			isa = XCBuildConfiguration;
			buildSettings = {
				ASSETCATALOG_COMPILER_APPICON_NAME = AppIcon;
				COMBINE_HIDPI_IMAGES = YES;
				INFOPLIST_FILE = "sketch-pro/Info.plist";
				LD_RUNPATH_SEARCH_PATHS = "$(inherited) @executable_path/../Frameworks";
				PRODUCT_BUNDLE_IDENTIFIER = "madebynikhil.sketch-pro";
				PRODUCT_NAME = "$(TARGET_NAME)";
				SWIFT_VERSION = 3.0;
			};
			name = Debug;
		};
		C48F87341F56E43700412D7B /* Release */ = {
			isa = XCBuildConfiguration;
			buildSettings = {
				ASSETCATALOG_COMPILER_APPICON_NAME = AppIcon;
				COMBINE_HIDPI_IMAGES = YES;
				INFOPLIST_FILE = "sketch-pro/Info.plist";
				LD_RUNPATH_SEARCH_PATHS = "$(inherited) @executable_path/../Frameworks";
				PRODUCT_BUNDLE_IDENTIFIER = "madebynikhil.sketch-pro";
				PRODUCT_NAME = "$(TARGET_NAME)";
				SWIFT_VERSION = 3.0;
			};
			name = Release;
		};
		C48F87361F56E43700412D7B /* Debug */ = {
			isa = XCBuildConfiguration;
			buildSettings = {
				ALWAYS_EMBED_SWIFT_STANDARD_LIBRARIES = YES;
				BUNDLE_LOADER = "$(TEST_HOST)";
				COMBINE_HIDPI_IMAGES = YES;
				INFOPLIST_FILE = "sketch-proTests/Info.plist";
				LD_RUNPATH_SEARCH_PATHS = "$(inherited) @executable_path/../Frameworks @loader_path/../Frameworks";
				PRODUCT_BUNDLE_IDENTIFIER = "madebynikhil.sketch-proTests";
				PRODUCT_NAME = "$(TARGET_NAME)";
				SWIFT_VERSION = 3.0;
				TEST_HOST = "$(BUILT_PRODUCTS_DIR)/sketch-pro.app/Contents/MacOS/sketch-pro";
			};
			name = Debug;
		};
		C48F87371F56E43700412D7B /* Release */ = {
			isa = XCBuildConfiguration;
			buildSettings = {
				ALWAYS_EMBED_SWIFT_STANDARD_LIBRARIES = YES;
				BUNDLE_LOADER = "$(TEST_HOST)";
				COMBINE_HIDPI_IMAGES = YES;
				INFOPLIST_FILE = "sketch-proTests/Info.plist";
				LD_RUNPATH_SEARCH_PATHS = "$(inherited) @executable_path/../Frameworks @loader_path/../Frameworks";
				PRODUCT_BUNDLE_IDENTIFIER = "madebynikhil.sketch-proTests";
				PRODUCT_NAME = "$(TARGET_NAME)";
				SWIFT_VERSION = 3.0;
				TEST_HOST = "$(BUILT_PRODUCTS_DIR)/sketch-pro.app/Contents/MacOS/sketch-pro";
			};
			name = Release;
		};
		C48F87391F56E43700412D7B /* Debug */ = {
			isa = XCBuildConfiguration;
			buildSettings = {
				ALWAYS_EMBED_SWIFT_STANDARD_LIBRARIES = YES;
				COMBINE_HIDPI_IMAGES = YES;
				INFOPLIST_FILE = "sketch-proUITests/Info.plist";
				LD_RUNPATH_SEARCH_PATHS = "$(inherited) @executable_path/../Frameworks @loader_path/../Frameworks";
				PRODUCT_BUNDLE_IDENTIFIER = "madebynikhil.sketch-proUITests";
				PRODUCT_NAME = "$(TARGET_NAME)";
				SWIFT_VERSION = 3.0;
				TEST_TARGET_NAME = "sketch-pro";
			};
			name = Debug;
		};
		C48F873A1F56E43700412D7B /* Release */ = {
			isa = XCBuildConfiguration;
			buildSettings = {
				ALWAYS_EMBED_SWIFT_STANDARD_LIBRARIES = YES;
				COMBINE_HIDPI_IMAGES = YES;
				INFOPLIST_FILE = "sketch-proUITests/Info.plist";
				LD_RUNPATH_SEARCH_PATHS = "$(inherited) @executable_path/../Frameworks @loader_path/../Frameworks";
				PRODUCT_BUNDLE_IDENTIFIER = "madebynikhil.sketch-proUITests";
				PRODUCT_NAME = "$(TARGET_NAME)";
				SWIFT_VERSION = 3.0;
				TEST_TARGET_NAME = "sketch-pro";
			};
			name = Release;
		};
/* End XCBuildConfiguration section */

/* Begin XCConfigurationList section */
		C48F87031F56E43600412D7B /* Build configuration list for PBXProject "sketch-pro" */ = {
			isa = XCConfigurationList;
			buildConfigurations = (
				C48F87301F56E43700412D7B /* Debug */,
				C48F87311F56E43700412D7B /* Release */,
			);
			defaultConfigurationIsVisible = 0;
			defaultConfigurationName = Release;
		};
		C48F87321F56E43700412D7B /* Build configuration list for PBXNativeTarget "sketch-pro" */ = {
			isa = XCConfigurationList;
			buildConfigurations = (
				C48F87331F56E43700412D7B /* Debug */,
				C48F87341F56E43700412D7B /* Release */,
			);
			defaultConfigurationIsVisible = 0;
			defaultConfigurationName = Release;
		};
		C48F87351F56E43700412D7B /* Build configuration list for PBXNativeTarget "sketch-proTests" */ = {
			isa = XCConfigurationList;
			buildConfigurations = (
				C48F87361F56E43700412D7B /* Debug */,
				C48F87371F56E43700412D7B /* Release */,
			);
			defaultConfigurationIsVisible = 0;
			defaultConfigurationName = Release;
		};
		C48F87381F56E43700412D7B /* Build configuration list for PBXNativeTarget "sketch-proUITests" */ = {
			isa = XCConfigurationList;
			buildConfigurations = (
				C48F87391F56E43700412D7B /* Debug */,
				C48F873A1F56E43700412D7B /* Release */,
			);
			defaultConfigurationIsVisible = 0;
			defaultConfigurationName = Release;
		};
/* End XCConfigurationList section */

/* Begin XCVersionGroup section */
		C48F87111F56E43600412D7B /* Document.xcdatamodeld */ = {
			isa = XCVersionGroup;
			children = (
				C48F87121F56E43600412D7B /* Document.xcdatamodel */,
			);
			currentVersion = C48F87121F56E43600412D7B /* Document.xcdatamodel */;
			path = Document.xcdatamodeld;
			sourceTree = "<group>";
			versionGroupType = wrapper.xcdatamodel;
		};
/* End XCVersionGroup section */
	};
	rootObject = C48F87001F56E43600412D7B /* Project object */;
}
